{
  "name": "words-to-date-es",
  "version": "0.0.1",
  "lockfileVersion": 1,
  "requires": true,
  "dependencies": {
    "words-to-numbers-es": {
      "version": "0.1.0",
      "resolved": "https://registry.npmjs.org/words-to-numbers-es/-/words-to-numbers-es-0.1.0.tgz",
      "integrity": "sha512-hDZocJOeoDRxmUDzqtIIRK7wgbu+/aP+zLUfmuBq2WD+fJwaZjqY2jwT2RIuO4zGIQDPWlgwAMqqoI2dUkQvIA=="
    }
  }
}
